Microsoft Visual Studio Solution File, Format Version 12.00
# Visual Studio Version 17
VisualStudioVersion = 17.8.34525.116
MinimumVisualStudioVersion = 10.0.40219.1
Project("{FAE04EC0-301F-11D3-BF4B-00C04F79EFBC}") = "Shared", "Shared\Shared.csproj", "{20068CA2-EED2-4C9E-99BE-1EDF9569777D}"
EndProject
Project("{FAE04EC0-301F-11D3-BF4B-00C04F79EFBC}") = "Extractor", "Extractor\Extractor.csproj", "{84682055-CE27-47E2-90CA-5ACF8184097D}"
EndProject
Project("{FAE04EC0-301F-11D3-BF4B-00C04F79EFBC}") = "ModManager", "ModManager\ModManager.csproj", "{2CE18D23-5ED3-472F-986F-A3E957DB4A7C}"
EndProject
Project("{FAE04EC0-301F-11D3-BF4B-00C04F79EFBC}") = "SoundConverter", "SoundConverter\SoundConverter.csproj", "{9A9C5607-17A6-414C-8545-2CED3D407701}"
EndProject
Project("{FAE04EC0-301F-11D3-BF4B-00C04F79EFBC}") = "BinaryTemplateGenerator", "BinaryTemplateGenerator\BinaryTemplateGenerator.csproj", "{9A76FC94-00FE-4425-910C-9968D56F073E}"
EndProject
Global
	GlobalSection(SolutionConfigurationPlatforms) = preSolution
		Debug|Any CPU = Debug|Any CPU
		Debug|x64 = Debug|x64
		Debug|x86 = Debug|x86
		Release|Any CPU = Release|Any CPU
		Release|x64 = Release|x64
		Release|x86 = Release|x86
	EndGlobalSection
	GlobalSection(ProjectConfigurationPlatforms) = postSolution
		{20068CA2-EED2-4C9E-99BE-1EDF9569777D}.Debug|Any CPU.ActiveCfg = Debug|Any CPU
		{20068CA2-EED2-4C9E-99BE-1EDF9569777D}.Debug|Any CPU.Build.0 = Debug|Any CPU
		{20068CA2-EED2-4C9E-99BE-1EDF9569777D}.Debug|x64.ActiveCfg = Debug|Any CPU
		{20068CA2-EED2-4C9E-99BE-1EDF9569777D}.Debug|x64.Build.0 = Debug|Any CPU
		{20068CA2-EED2-4C9E-99BE-1EDF9569777D}.Debug|x86.ActiveCfg = Debug|Any CPU
		{20068CA2-EED2-4C9E-99BE-1EDF9569777D}.Debug|x86.Build.0 = Debug|Any CPU
		{20068CA2-EED2-4C9E-99BE-1EDF9569777D}.Release|Any CPU.ActiveCfg = Release|Any CPU
		{20068CA2-EED2-4C9E-99BE-1EDF9569777D}.Release|Any CPU.Build.0 = Release|Any CPU
		{20068CA2-EED2-4C9E-99BE-1EDF9569777D}.Release|x64.ActiveCfg = Release|Any CPU
		{20068CA2-EED2-4C9E-99BE-1EDF9569777D}.Release|x64.Build.0 = Release|Any CPU
		{20068CA2-EED2-4C9E-99BE-1EDF9569777D}.Release|x86.ActiveCfg = Release|Any CPU
		{20068CA2-EED2-4C9E-99BE-1EDF9569777D}.Release|x86.Build.0 = Release|Any CPU
		{84682055-CE27-47E2-90CA-5ACF8184097D}.Debug|Any CPU.ActiveCfg = Debug|Any CPU
		{84682055-CE27-47E2-90CA-5ACF8184097D}.Debug|Any CPU.Build.0 = Debug|Any CPU
		{84682055-CE27-47E2-90CA-5ACF8184097D}.Debug|x64.ActiveCfg = Debug|Any CPU
		{84682055-CE27-47E2-90CA-5ACF8184097D}.Debug|x64.Build.0 = Debug|Any CPU
		{84682055-CE27-47E2-90CA-5ACF8184097D}.Debug|x86.ActiveCfg = Debug|Any CPU
		{84682055-CE27-47E2-90CA-5ACF8184097D}.Debug|x86.Build.0 = Debug|Any CPU
		{84682055-CE27-47E2-90CA-5ACF8184097D}.Release|Any CPU.ActiveCfg = Release|Any CPU
		{84682055-CE27-47E2-90CA-5ACF8184097D}.Release|Any CPU.Build.0 = Release|Any CPU
		{84682055-CE27-47E2-90CA-5ACF8184097D}.Release|x64.ActiveCfg = Release|Any CPU
		{84682055-CE27-47E2-90CA-5ACF8184097D}.Release|x64.Build.0 = Release|Any CPU
		{84682055-CE27-47E2-90CA-5ACF8184097D}.Release|x86.ActiveCfg = Release|Any CPU
		{84682055-CE27-47E2-90CA-5ACF8184097D}.Release|x86.Build.0 = Release|Any CPU
		{2CE18D23-5ED3-472F-986F-A3E957DB4A7C}.Debug|Any CPU.ActiveCfg = Debug|Any CPU
		{2CE18D23-5ED3-472F-986F-A3E957DB4A7C}.Debug|Any CPU.Build.0 = Debug|Any CPU
		{2CE18D23-5ED3-472F-986F-A3E957DB4A7C}.Debug|x64.ActiveCfg = Debug|Any CPU
		{2CE18D23-5ED3-472F-986F-A3E957DB4A7C}.Debug|x64.Build.0 = Debug|Any CPU
		{2CE18D23-5ED3-472F-986F-A3E957DB4A7C}.Debug|x86.ActiveCfg = Debug|Any CPU
		{2CE18D23-5ED3-472F-986F-A3E957DB4A7C}.Debug|x86.Build.0 = Debug|Any CPU
		{2CE18D23-5ED3-472F-986F-A3E957DB4A7C}.Release|Any CPU.ActiveCfg = Release|Any CPU
		{2CE18D23-5ED3-472F-986F-A3E957DB4A7C}.Release|Any CPU.Build.0 = Release|Any CPU
		{2CE18D23-5ED3-472F-986F-A3E957DB4A7C}.Release|x64.ActiveCfg = Release|Any CPU
		{2CE18D23-5ED3-472F-986F-A3E957DB4A7C}.Release|x64.Build.0 = Release|Any CPU
		{2CE18D23-5ED3-472F-986F-A3E957DB4A7C}.Release|x86.ActiveCfg = Release|Any CPU
		{2CE18D23-5ED3-472F-986F-A3E957DB4A7C}.Release|x86.Build.0 = Release|Any CPU
		{9A9C5607-17A6-414C-8545-2CED3D407701}.Debug|Any CPU.ActiveCfg = Debug|Any CPU
		{9A9C5607-17A6-414C-8545-2CED3D407701}.Debug|Any CPU.Build.0 = Debug|Any CPU
		{9A9C5607-17A6-414C-8545-2CED3D407701}.Debug|x64.ActiveCfg = Debug|Any CPU
		{9A9C5607-17A6-414C-8545-2CED3D407701}.Debug|x64.Build.0 = Debug|Any CPU
		{9A9C5607-17A6-414C-8545-2CED3D407701}.Debug|x86.ActiveCfg = Debug|Any CPU
		{9A9C5607-17A6-414C-8545-2CED3D407701}.Debug|x86.Build.0 = Debug|Any CPU
		{9A9C5607-17A6-414C-8545-2CED3D407701}.Release|Any CPU.ActiveCfg = Release|Any CPU
		{9A9C5607-17A6-414C-8545-2CED3D407701}.Release|Any CPU.Build.0 = Release|Any CPU
		{9A9C5607-17A6-414C-8545-2CED3D407701}.Release|x64.ActiveCfg = Release|Any CPU
		{9A9C5607-17A6-414C-8545-2CED3D407701}.Release|x64.Build.0 = Release|Any CPU
		{9A9C5607-17A6-414C-8545-2CED3D407701}.Release|x86.ActiveCfg = Release|Any CPU
		{9A9C5607-17A6-414C-8545-2CED3D407701}.Release|x86.Build.0 = Release|Any CPU
		{9A76FC94-00FE-4425-910C-9968D56F073E}.Debug|Any CPU.ActiveCfg = Debug|Any CPU
		{9A76FC94-00FE-4425-910C-9968D56F073E}.Debug|Any CPU.Build.0 = Debug|Any CPU
		{9A76FC94-00FE-4425-910C-9968D56F073E}.Debug|x64.ActiveCfg = Debug|Any CPU
		{9A76FC94-00FE-4425-910C-9968D56F073E}.Debug|x64.Build.0 = Debug|Any CPU
		{9A76FC94-00FE-4425-910C-9968D56F073E}.Debug|x86.ActiveCfg = Debug|Any CPU
		{9A76FC94-00FE-4425-910C-9968D56F073E}.Debug|x86.Build.0 = Debug|Any CPU
		{9A76FC94-00FE-4425-910C-9968D56F073E}.Release|Any CPU.ActiveCfg = Release|Any CPU
		{9A76FC94-00FE-4425-910C-9968D56F073E}.Release|Any CPU.Build.0 = Release|Any CPU
		{9A76FC94-00FE-4425-910C-9968D56F073E}.Release|x64.ActiveCfg = Release|Any CPU
		{9A76FC94-00FE-4425-910C-9968D56F073E}.Release|x64.Build.0 = Release|Any CPU
		{9A76FC94-00FE-4425-910C-9968D56F073E}.Release|x86.ActiveCfg = Release|Any CPU
		{9A76FC94-00FE-4425-910C-9968D56F073E}.Release|x86.Build.0 = Release|Any CPU
	EndGlobalSection
	GlobalSection(SolutionProperties) = preSolution
		HideSolutionNode = FALSE
	EndGlobalSection
	GlobalSection(ExtensibilityGlobals) = postSolution
		SolutionGuid = {EBCC4739-79FB-435D-93FC-9E96BA0707E9}
	EndGlobalSection
EndGlobal
